// !$*UTF8*$!
{
	archiveVersion = 1;
	classes = {
	};
	objectVersion = 56;
	objects = {

/* Begin PBXBuildFile section */
		8710D00E2C0408F300CA9F6B /* RokReminderApp.swift in Sources */ = {isa = PBXBuildFile; fileRef = 8710D00D2C0408F300CA9F6B /* RokReminderApp.swift */; };
		8710D0102C0408F300CA9F6B /* HomeView.swift in Sources */ = {isa = PBXBuildFile; fileRef = 8710D00F2C0408F300CA9F6B /* HomeView.swift */; };
		8710D0122C0408F400CA9F6B /* Assets.xcassets in Resources */ = {isa = PBXBuildFile; fileRef = 8710D0112C0408F400CA9F6B /* Assets.xcassets */; };
		8710D0152C0408F400CA9F6B /* Preview Assets.xcassets in Resources */ = {isa = PBXBuildFile; fileRef = 8710D0142C0408F400CA9F6B /* Preview Assets.xcassets */; };
		8710D0172C0408F400CA9F6B /* Persistence.swift in Sources */ = {isa = PBXBuildFile; fileRef = 8710D0162C0408F400CA9F6B /* Persistence.swift */; };
		8710D0222C040ACE00CA9F6B /* CoreDataProvider.swift in Sources */ = {isa = PBXBuildFile; fileRef = 8710D0212C040ACE00CA9F6B /* CoreDataProvider.swift */; };
		8710D0252C04375D00CA9F6B /* ReminderModel.xcdatamodeld in Sources */ = {isa = PBXBuildFile; fileRef = 8710D0232C04375D00CA9F6B /* ReminderModel.xcdatamodeld */; };
		8710D0282C043B7E00CA9F6B /* MyList+CoreDataClass.swift in Sources */ = {isa = PBXBuildFile; fileRef = 8710D0272C043B7E00CA9F6B /* MyList+CoreDataClass.swift */; };
		8710D02A2C043BE900CA9F6B /* Mylist+CoreDataProperties.swift in Sources */ = {isa = PBXBuildFile; fileRef = 8710D0292C043BE900CA9F6B /* Mylist+CoreDataProperties.swift */; };
		8710D02D2C05555900CA9F6B /* AddNewListView.swift in Sources */ = {isa = PBXBuildFile; fileRef = 8710D02C2C05555900CA9F6B /* AddNewListView.swift */; };
		8710D02F2C0556C000CA9F6B /* ColorPickerView.swift in Sources */ = {isa = PBXBuildFile; fileRef = 8710D02E2C0556C000CA9F6B /* ColorPickerView.swift */; };
		8710D0322C06DDC400CA9F6B /* ReminderService.swift in Sources */ = {isa = PBXBuildFile; fileRef = 8710D0312C06DDC400CA9F6B /* ReminderService.swift */; };
		8710D0352C06E00400CA9F6B /* UIColorTransformer.swift in Sources */ = {isa = PBXBuildFile; fileRef = 8710D0342C06E00400CA9F6B /* UIColorTransformer.swift */; };
		8710D0372C06EA6A00CA9F6B /* MyListsView.swift in Sources */ = {isa = PBXBuildFile; fileRef = 8710D0362C06EA6A00CA9F6B /* MyListsView.swift */; };
		8710D0392C06ED2500CA9F6B /* MyListCellView.swift in Sources */ = {isa = PBXBuildFile; fileRef = 8710D0382C06ED2500CA9F6B /* MyListCellView.swift */; };
		8710D03B2C06ED7100CA9F6B /* PreviewData.swift in Sources */ = {isa = PBXBuildFile; fileRef = 8710D03A2C06ED7100CA9F6B /* PreviewData.swift */; };
		87EA13002C080B5600F96E5A /* MyListDetailView.swift in Sources */ = {isa = PBXBuildFile; fileRef = 87EA12FF2C080B5600F96E5A /* MyListDetailView.swift */; };
		87EA13022C08D6BE00F96E5A /* ReminderListView.swift in Sources */ = {isa = PBXBuildFile; fileRef = 87EA13012C08D6BE00F96E5A /* ReminderListView.swift */; };
		87EA13042C08DD8800F96E5A /* ReminderCellView.swift in Sources */ = {isa = PBXBuildFile; fileRef = 87EA13032C08DD8800F96E5A /* ReminderCellView.swift */; };
		87EA13072C08E1DA00F96E5A /* Date+Extensions.swift in Sources */ = {isa = PBXBuildFile; fileRef = 87EA13062C08E1DA00F96E5A /* Date+Extensions.swift */; };
/* End PBXBuildFile section */

/* Begin PBXFileReference section */
		8710D00A2C0408F300CA9F6B /* RokReminder.app */ = {isa = PBXFileReference; explicitFileType = wrapper.application; includeInIndex = 0; path = RokReminder.app; sourceTree = BUILT_PRODUCTS_DIR; };
		8710D00D2C0408F300CA9F6B /* RokReminderApp.swift */ = {isa = PBXFileReference; lastKnownFileType = sourcecode.swift; path = RokReminderApp.swift; sourceTree = "<group>"; };
		8710D00F2C0408F300CA9F6B /* HomeView.swift */ = {isa = PBXFileReference; lastKnownFileType = sourcecode.swift; path = HomeView.swift; sourceTree = "<group>"; };
		8710D0112C0408F400CA9F6B /* Assets.xcassets */ = {isa = PBXFileReference; lastKnownFileType = folder.assetcatalog; path = Assets.xcassets; sourceTree = "<group>"; };
		8710D0142C0408F400CA9F6B /* Preview Assets.xcassets */ = {isa = PBXFileReference; lastKnownFileType = folder.assetcatalog; path = "Preview Assets.xcassets"; sourceTree = "<group>"; };
		8710D0162C0408F400CA9F6B /* Persistence.swift */ = {isa = PBXFileReference; lastKnownFileType = sourcecode.swift; path = Persistence.swift; sourceTree = "<group>"; };
		8710D0212C040ACE00CA9F6B /* CoreDataProvider.swift */ = {isa = PBXFileReference; lastKnownFileType = sourcecode.swift; path = CoreDataProvider.swift; sourceTree = "<group>"; };
		8710D0242C04375D00CA9F6B /* RemindersModel.xcdatamodel */ = {isa = PBXFileReference; lastKnownFileType = wrapper.xcdatamodel; path = RemindersModel.xcdatamodel; sourceTree = "<group>"; };
		8710D0272C043B7E00CA9F6B /* MyList+CoreDataClass.swift */ = {isa = PBXFileReference; lastKnownFileType = sourcecode.swift; path = "MyList+CoreDataClass.swift"; sourceTree = "<group>"; };
		8710D0292C043BE900CA9F6B /* Mylist+CoreDataProperties.swift */ = {isa = PBXFileReference; lastKnownFileType = sourcecode.swift; path = "Mylist+CoreDataProperties.swift"; sourceTree = "<group>"; };
		8710D02C2C05555900CA9F6B /* AddNewListView.swift */ = {isa = PBXFileReference; lastKnownFileType = sourcecode.swift; path = AddNewListView.swift; sourceTree = "<group>"; };
		8710D02E2C0556C000CA9F6B /* ColorPickerView.swift */ = {isa = PBXFileReference; lastKnownFileType = sourcecode.swift; path = ColorPickerView.swift; sourceTree = "<group>"; };
		8710D0312C06DDC400CA9F6B /* ReminderService.swift */ = {isa = PBXFileReference; lastKnownFileType = sourcecode.swift; path = ReminderService.swift; sourceTree = "<group>"; };
		8710D0342C06E00400CA9F6B /* UIColorTransformer.swift */ = {isa = PBXFileReference; lastKnownFileType = sourcecode.swift; path = UIColorTransformer.swift; sourceTree = "<group>"; };
		8710D0362C06EA6A00CA9F6B /* MyListsView.swift */ = {isa = PBXFileReference; lastKnownFileType = sourcecode.swift; path = MyListsView.swift; sourceTree = "<group>"; };
		8710D0382C06ED2500CA9F6B /* MyListCellView.swift */ = {isa = PBXFileReference; lastKnownFileType = sourcecode.swift; path = MyListCellView.swift; sourceTree = "<group>"; };
		8710D03A2C06ED7100CA9F6B /* PreviewData.swift */ = {isa = PBXFileReference; lastKnownFileType = sourcecode.swift; path = PreviewData.swift; sourceTree = "<group>"; };
		87EA12FF2C080B5600F96E5A /* MyListDetailView.swift */ = {isa = PBXFileReference; lastKnownFileType = sourcecode.swift; path = MyListDetailView.swift; sourceTree = "<group>"; };
		87EA13012C08D6BE00F96E5A /* ReminderListView.swift */ = {isa = PBXFileReference; lastKnownFileType = sourcecode.swift; path = ReminderListView.swift; sourceTree = "<group>"; };
		87EA13032C08DD8800F96E5A /* ReminderCellView.swift */ = {isa = PBXFileReference; lastKnownFileType = sourcecode.swift; path = ReminderCellView.swift; sourceTree = "<group>"; };
		87EA13062C08E1DA00F96E5A /* Date+Extensions.swift */ = {isa = PBXFileReference; lastKnownFileType = sourcecode.swift; path = "Date+Extensions.swift"; sourceTree = "<group>"; };
/* End PBXFileReference section */

/* Begin PBXFrameworksBuildPhase section */
		8710D0072C0408F300CA9F6B /* Frameworks */ = {
			isa = PBXFrameworksBuildPhase;
			buildActionMask = 2147483647;
			files = (
			);
			runOnlyForDeploymentPostprocessing = 0;
		};
/* End PBXFrameworksBuildPhase section */

/* Begin PBXGroup section */
		8710D0012C0408F300CA9F6B = {
			isa = PBXGroup;
			children = (
				8710D00C2C0408F300CA9F6B /* RokReminder */,
				8710D00B2C0408F300CA9F6B /* Products */,
			);
			sourceTree = "<group>";
		};
		8710D00B2C0408F300CA9F6B /* Products */ = {
			isa = PBXGroup;
			children = (
				8710D00A2C0408F300CA9F6B /* RokReminder.app */,
			);
			name = Products;
			sourceTree = "<group>";
		};
		8710D00C2C0408F300CA9F6B /* RokReminder */ = {
			isa = PBXGroup;
			children = (
				87EA13052C08E1A200F96E5A /* Extensions */,
				8710D0332C06DFD700CA9F6B /* Transformers */,
				8710D0302C06DD9100CA9F6B /* Services */,
				8710D02B2C05552400CA9F6B /* Views */,
				8710D0262C043B2A00CA9F6B /* Model */,
				8710D0202C040A5800CA9F6B /* Providers */,
				8710D00D2C0408F300CA9F6B /* RokReminderApp.swift */,
				8710D0112C0408F400CA9F6B /* Assets.xcassets */,
				8710D0162C0408F400CA9F6B /* Persistence.swift */,
				8710D0132C0408F400CA9F6B /* Preview Content */,
				8710D0232C04375D00CA9F6B /* ReminderModel.xcdatamodeld */,
			);
			path = RokReminder;
			sourceTree = "<group>";
		};
		8710D0132C0408F400CA9F6B /* Preview Content */ = {
			isa = PBXGroup;
			children = (
				8710D0142C0408F400CA9F6B /* Preview Assets.xcassets */,
				8710D03A2C06ED7100CA9F6B /* PreviewData.swift */,
			);
			path = "Preview Content";
			sourceTree = "<group>";
		};
		8710D0202C040A5800CA9F6B /* Providers */ = {
			isa = PBXGroup;
			children = (
				8710D0212C040ACE00CA9F6B /* CoreDataProvider.swift */,
			);
			path = Providers;
			sourceTree = "<group>";
		};
		8710D0262C043B2A00CA9F6B /* Model */ = {
			isa = PBXGroup;
			children = (
				8710D0272C043B7E00CA9F6B /* MyList+CoreDataClass.swift */,
				8710D0292C043BE900CA9F6B /* Mylist+CoreDataProperties.swift */,
			);
			path = Model;
			sourceTree = "<group>";
		};
		8710D02B2C05552400CA9F6B /* Views */ = {
			isa = PBXGroup;
			children = (
				8710D00F2C0408F300CA9F6B /* HomeView.swift */,
				8710D02C2C05555900CA9F6B /* AddNewListView.swift */,
				8710D02E2C0556C000CA9F6B /* ColorPickerView.swift */,
				8710D0362C06EA6A00CA9F6B /* MyListsView.swift */,
				8710D0382C06ED2500CA9F6B /* MyListCellView.swift */,
				87EA12FF2C080B5600F96E5A /* MyListDetailView.swift */,
				87EA13012C08D6BE00F96E5A /* ReminderListView.swift */,
				87EA13032C08DD8800F96E5A /* ReminderCellView.swift */,
			);
			path = Views;
			sourceTree = "<group>";
		};
		8710D0302C06DD9100CA9F6B /* Services */ = {
			isa = PBXGroup;
			children = (
				8710D0312C06DDC400CA9F6B /* ReminderService.swift */,
			);
			path = Services;
			sourceTree = "<group>";
		};
		8710D0332C06DFD700CA9F6B /* Transformers */ = {
			isa = PBXGroup;
			children = (
				8710D0342C06E00400CA9F6B /* UIColorTransformer.swift */,
			);
			path = Transformers;
			sourceTree = "<group>";
		};
		87EA13052C08E1A200F96E5A /* Extensions */ = {
			isa = PBXGroup;
			children = (
				87EA13062C08E1DA00F96E5A /* Date+Extensions.swift */,
			);
			path = Extensions;
			sourceTree = "<group>";
		};
/* End PBXGroup section */

/* Begin PBXNativeTarget section */
		8710D0092C0408F300CA9F6B /* RokReminder */ = {
			isa = PBXNativeTarget;
			buildConfigurationList = 8710D01D2C0408F400CA9F6B /* Build configuration list for PBXNativeTarget "RokReminder" */;
			buildPhases = (
				8710D0062C0408F300CA9F6B /* Sources */,
				8710D0072C0408F300CA9F6B /* Frameworks */,
				8710D0082C0408F300CA9F6B /* Resources */,
			);
			buildRules = (
			);
			dependencies = (
			);
			name = RokReminder;
			productName = RokReminder;
			productReference = 8710D00A2C0408F300CA9F6B /* RokReminder.app */;
			productType = "com.apple.product-type.application";
		};
/* End PBXNativeTarget section */

/* Begin PBXProject section */
		8710D0022C0408F300CA9F6B /* Project object */ = {
			isa = PBXProject;
			attributes = {
				BuildIndependentTargetsInParallel = 1;
				LastSwiftUpdateCheck = 1540;
				LastUpgradeCheck = 1540;
				TargetAttributes = {
					8710D0092C0408F300CA9F6B = {
						CreatedOnToolsVersion = 15.4;
					};
				};
			};
			buildConfigurationList = 8710D0052C0408F300CA9F6B /* Build configuration list for PBXProject "RokReminder" */;
			compatibilityVersion = "Xcode 14.0";
			developmentRegion = en;
			hasScannedForEncodings = 0;
			knownRegions = (
				en,
				Base,
			);
			mainGroup = 8710D0012C0408F300CA9F6B;
			productRefGroup = 8710D00B2C0408F300CA9F6B /* Products */;
			projectDirPath = "";
			projectRoot = "";
			targets = (
				8710D0092C0408F300CA9F6B /* RokReminder */,
			);
		};
/* End PBXProject section */

/* Begin PBXResourcesBuildPhase section */
		8710D0082C0408F300CA9F6B /* Resources */ = {
			isa = PBXResourcesBuildPhase;
			buildActionMask = 2147483647;
			files = (
				8710D0152C0408F400CA9F6B /* Preview Assets.xcassets in Resources */,
				8710D0122C0408F400CA9F6B /* Assets.xcassets in Resources */,
			);
			runOnlyForDeploymentPostprocessing = 0;
		};
/* End PBXResourcesBuildPhase section */

/* Begin PBXSourcesBuildPhase section */
		8710D0062C0408F300CA9F6B /* Sources */ = {
			isa = PBXSourcesBuildPhase;
			buildActionMask = 2147483647;
			files = (
				8710D0392C06ED2500CA9F6B /* MyListCellView.swift in Sources */,
				8710D0172C0408F400CA9F6B /* Persistence.swift in Sources */,
				8710D0352C06E00400CA9F6B /* UIColorTransformer.swift in Sources */,
				8710D0322C06DDC400CA9F6B /* ReminderService.swift in Sources */,
				8710D0102C0408F300CA9F6B /* HomeView.swift in Sources */,
				8710D03B2C06ED7100CA9F6B /* PreviewData.swift in Sources */,
				87EA13002C080B5600F96E5A /* MyListDetailView.swift in Sources */,
				8710D0282C043B7E00CA9F6B /* MyList+CoreDataClass.swift in Sources */,
				8710D02D2C05555900CA9F6B /* AddNewListView.swift in Sources */,
				8710D02F2C0556C000CA9F6B /* ColorPickerView.swift in Sources */,
				8710D0372C06EA6A00CA9F6B /* MyListsView.swift in Sources */,
				87EA13072C08E1DA00F96E5A /* Date+Extensions.swift in Sources */,
				8710D00E2C0408F300CA9F6B /* RokReminderApp.swift in Sources */,
				8710D0222C040ACE00CA9F6B /* CoreDataProvider.swift in Sources */,
				8710D0252C04375D00CA9F6B /* ReminderModel.xcdatamodeld in Sources */,
				87EA13022C08D6BE00F96E5A /* ReminderListView.swift in Sources */,
				8710D02A2C043BE900CA9F6B /* Mylist+CoreDataProperties.swift in Sources */,
				87EA13042C08DD8800F96E5A /* ReminderCellView.swift in Sources */,
			);
			runOnlyForDeploymentPostprocessing = 0;
		};
/* End PBXSourcesBuildPhase section */

/* Begin XCBuildConfiguration section */
		8710D01B2C0408F400CA9F6B /* Debug */ = {
			isa = XCBuildConfiguration;
			buildSettings = {
				ALWAYS_SEARCH_USER_PATHS = NO;
				ASSETCATALOG_COMPILER_GENERATE_SWIFT_ASSET_SYMBOL_EXTENSIONS = YES;
				CLANG_ANALYZER_NONNULL = YES;
				CLANG_ANALYZER_NUMBER_OBJECT_CONVERSION = YES_AGGRESSIVE;
				CLANG_CXX_LANGUAGE_STANDARD = "gnu++20";
				CLANG_ENABLE_MODULES = YES;
				CLANG_ENABLE_OBJC_ARC = YES;
				CLANG_ENABLE_OBJC_WEAK = YES;
				CLANG_WARN_BLOCK_CAPTURE_AUTORELEASING = YES;
				CLANG_WARN_BOOL_CONVERSION = YES;
				CLANG_WARN_COMMA = YES;
				CLANG_WARN_CONSTANT_CONVERSION = YES;
				CLANG_WARN_DEPRECATED_OBJC_IMPLEMENTATIONS = YES;
				CLANG_WARN_DIRECT_OBJC_ISA_USAGE = YES_ERROR;
				CLANG_WARN_DOCUMENTATION_COMMENTS = YES;
				CLANG_WARN_EMPTY_BODY = YES;
				CLANG_WARN_ENUM_CONVERSION = YES;
				CLANG_WARN_INFINITE_RECURSION = YES;
				CLANG_WARN_INT_CONVERSION = YES;
				CLANG_WARN_NON_LITERAL_NULL_CONVERSION = YES;
				CLANG_WARN_OBJC_IMPLICIT_RETAIN_SELF = YES;
				CLANG_WARN_OBJC_LITERAL_CONVERSION = YES;
				CLANG_WARN_OBJC_ROOT_CLASS = YES_ERROR;
				CLANG_WARN_QUOTED_INCLUDE_IN_FRAMEWORK_HEADER = YES;
				CLANG_WARN_RANGE_LOOP_ANALYSIS = YES;
				CLANG_WARN_STRICT_PROTOTYPES = YES;
				CLANG_WARN_SUSPICIOUS_MOVE = YES;
				CLANG_WARN_UNGUARDED_AVAILABILITY = YES_AGGRESSIVE;
				CLANG_WARN_UNREACHABLE_CODE = YES;
				CLANG_WARN__DUPLICATE_METHOD_MATCH = YES;
				COPY_PHASE_STRIP = NO;
				DEBUG_INFORMATION_FORMAT = dwarf;
				ENABLE_STRICT_OBJC_MSGSEND = YES;
				ENABLE_TESTABILITY = YES;
				ENABLE_USER_SCRIPT_SANDBOXING = YES;
				GCC_C_LANGUAGE_STANDARD = gnu17;
				GCC_DYNAMIC_NO_PIC = NO;
				GCC_NO_COMMON_BLOCKS = YES;
				GCC_OPTIMIZATION_LEVEL = 0;
				GCC_PREPROCESSOR_DEFINITIONS = (
					"DEBUG=1",
					"$(inherited)",
				);
				GCC_WARN_64_TO_32_BIT_CONVERSION = YES;
				GCC_WARN_ABOUT_RETURN_TYPE = YES_ERROR;
				GCC_WARN_UNDECLARED_SELECTOR = YES;
				GCC_WARN_UNINITIALIZED_AUTOS = YES_AGGRESSIVE;
				GCC_WARN_UNUSED_FUNCTION = YES;
				GCC_WARN_UNUSED_VARIABLE = YES;
				IPHONEOS_DEPLOYMENT_TARGET = 17.5;
				LOCALIZATION_PREFERS_STRING_CATALOGS = YES;
				MTL_ENABLE_DEBUG_INFO = INCLUDE_SOURCE;
				MTL_FAST_MATH = YES;
				ONLY_ACTIVE_ARCH = YES;
				SDKROOT = iphoneos;
				SWIFT_ACTIVE_COMPILATION_CONDITIONS = "DEBUG $(inherited)";
				SWIFT_OPTIMIZATION_LEVEL = "-Onone";
			};
			name = Debug;
		};
		8710D01C2C0408F400CA9F6B /* Release */ = {
			isa = XCBuildConfiguration;
			buildSettings = {
				ALWAYS_SEARCH_USER_PATHS = NO;
				ASSETCATALOG_COMPILER_GENERATE_SWIFT_ASSET_SYMBOL_EXTENSIONS = YES;
				CLANG_ANALYZER_NONNULL = YES;
				CLANG_ANALYZER_NUMBER_OBJECT_CONVERSION = YES_AGGRESSIVE;
				CLANG_CXX_LANGUAGE_STANDARD = "gnu++20";
				CLANG_ENABLE_MODULES = YES;
				CLANG_ENABLE_OBJC_ARC = YES;
				CLANG_ENABLE_OBJC_WEAK = YES;
				CLANG_WARN_BLOCK_CAPTURE_AUTORELEASING = YES;
				CLANG_WARN_BOOL_CONVERSION = YES;
				CLANG_WARN_COMMA = YES;
				CLANG_WARN_CONSTANT_CONVERSION = YES;
				CLANG_WARN_DEPRECATED_OBJC_IMPLEMENTATIONS = YES;
				CLANG_WARN_DIRECT_OBJC_ISA_USAGE = YES_ERROR;
				CLANG_WARN_DOCUMENTATION_COMMENTS = YES;
				CLANG_WARN_EMPTY_BODY = YES;
				CLANG_WARN_ENUM_CONVERSION = YES;
				CLANG_WARN_INFINITE_RECURSION = YES;
				CLANG_WARN_INT_CONVERSION = YES;
				CLANG_WARN_NON_LITERAL_NULL_CONVERSION = YES;
				CLANG_WARN_OBJC_IMPLICIT_RETAIN_SELF = YES;
				CLANG_WARN_OBJC_LITERAL_CONVERSION = YES;
				CLANG_WARN_OBJC_ROOT_CLASS = YES_ERROR;
				CLANG_WARN_QUOTED_INCLUDE_IN_FRAMEWORK_HEADER = YES;
				CLANG_WARN_RANGE_LOOP_ANALYSIS = YES;
				CLANG_WARN_STRICT_PROTOTYPES = YES;
				CLANG_WARN_SUSPICIOUS_MOVE = YES;
				CLANG_WARN_UNGUARDED_AVAILABILITY = YES_AGGRESSIVE;
				CLANG_WARN_UNREACHABLE_CODE = YES;
				CLANG_WARN__DUPLICATE_METHOD_MATCH = YES;
				COPY_PHASE_STRIP = NO;
				DEBUG_INFORMATION_FORMAT = "dwarf-with-dsym";
				ENABLE_NS_ASSERTIONS = NO;
				ENABLE_STRICT_OBJC_MSGSEND = YES;
				ENABLE_USER_SCRIPT_SANDBOXING = YES;
				GCC_C_LANGUAGE_STANDARD = gnu17;
				GCC_NO_COMMON_BLOCKS = YES;
				GCC_WARN_64_TO_32_BIT_CONVERSION = YES;
				GCC_WARN_ABOUT_RETURN_TYPE = YES_ERROR;
				GCC_WARN_UNDECLARED_SELECTOR = YES;
				GCC_WARN_UNINITIALIZED_AUTOS = YES_AGGRESSIVE;
				GCC_WARN_UNUSED_FUNCTION = YES;
				GCC_WARN_UNUSED_VARIABLE = YES;
				IPHONEOS_DEPLOYMENT_TARGET = 17.5;
				LOCALIZATION_PREFERS_STRING_CATALOGS = YES;
				MTL_ENABLE_DEBUG_INFO = NO;
				MTL_FAST_MATH = YES;
				SDKROOT = iphoneos;
				SWIFT_COMPILATION_MODE = wholemodule;
				VALIDATE_PRODUCT = YES;
			};
			name = Release;
		};
		8710D01E2C0408F400CA9F6B /* Debug */ = {
			isa = XCBuildConfiguration;
			buildSettings = {
				ASSETCATALOG_COMPILER_APPICON_NAME = AppIcon;
				ASSETCATALOG_COMPILER_GLOBAL_ACCENT_COLOR_NAME = AccentColor;
				CODE_SIGN_STYLE = Automatic;
				CURRENT_PROJECT_VERSION = 1;
				DEVELOPMENT_ASSET_PATHS = "\"RokReminder/Preview Content\"";
				DEVELOPMENT_TEAM = 46D5N68GTW;
				ENABLE_PREVIEWS = YES;
				GENERATE_INFOPLIST_FILE = YES;
				INFOPLIST_KEY_UIApplicationSceneManifest_Generation = YES;
				INFOPLIST_KEY_UIApplicationSupportsIndirectInputEvents = YES;
				INFOPLIST_KEY_UILaunchScreen_Generation = YES;
				INFOPLIST_KEY_UISupportedInterfaceOrientations_iPad = "UIInterfaceOrientationPortrait UIInterfaceOrientationPortraitUpsideDown UIInterfaceOrientationLandscapeLeft UIInterfaceOrientationLandscapeRight";
				INFOPLIST_KEY_UISupportedInterfaceOrientations_iPhone = "UIInterfaceOrientationPortrait UIInterfaceOrientationLandscapeLeft UIInterfaceOrientationLandscapeRight";
				LD_RUNPATH_SEARCH_PATHS = (
					"$(inherited)",
					"@executable_path/Frameworks",
				);
				MARKETING_VERSION = 1.0;
				PRODUCT_BUNDLE_IDENTIFIER = a.RokReminder;
				PRODUCT_NAME = "$(TARGET_NAME)";
				SWIFT_EMIT_LOC_STRINGS = YES;
				SWIFT_VERSION = 5.0;
				TARGETED_DEVICE_FAMILY = "1,2";
			};
			name = Debug;
		};
		8710D01F2C0408F400CA9F6B /* Release */ = {
			isa = XCBuildConfiguration;
			buildSettings = {
				ASSETCATALOG_COMPILER_APPICON_NAME = AppIcon;
				ASSETCATALOG_COMPILER_GLOBAL_ACCENT_COLOR_NAME = AccentColor;
				CODE_SIGN_STYLE = Automatic;
				CURRENT_PROJECT_VERSION = 1;
				DEVELOPMENT_ASSET_PATHS = "\"RokReminder/Preview Content\"";
				DEVELOPMENT_TEAM = 46D5N68GTW;
				ENABLE_PREVIEWS = YES;
				GENERATE_INFOPLIST_FILE = YES;
				INFOPLIST_KEY_UIApplicationSceneManifest_Generation = YES;
				INFOPLIST_KEY_UIApplicationSupportsIndirectInputEvents = YES;
				INFOPLIST_KEY_UILaunchScreen_Generation = YES;
				INFOPLIST_KEY_UISupportedInterfaceOrientations_iPad = "UIInterfaceOrientationPortrait UIInterfaceOrientationPortraitUpsideDown UIInterfaceOrientationLandscapeLeft UIInterfaceOrientationLandscapeRight";
				INFOPLIST_KEY_UISupportedInterfaceOrientations_iPhone = "UIInterfaceOrientationPortrait UIInterfaceOrientationLandscapeLeft UIInterfaceOrientationLandscapeRight";
				LD_RUNPATH_SEARCH_PATHS = (
					"$(inherited)",
					"@executable_path/Frameworks",
				);
				MARKETING_VERSION = 1.0;
				PRODUCT_BUNDLE_IDENTIFIER = a.RokReminder;
				PRODUCT_NAME = "$(TARGET_NAME)";
				SWIFT_EMIT_LOC_STRINGS = YES;
				SWIFT_VERSION = 5.0;
				TARGETED_DEVICE_FAMILY = "1,2";
			};
			name = Release;
		};
/* End XCBuildConfiguration section */

/* Begin XCConfigurationList section */
		8710D0052C0408F300CA9F6B /* Build configuration list for PBXProject "RokReminder" */ = {
			isa = XCConfigurationList;
			buildConfigurations = (
				8710D01B2C0408F400CA9F6B /* Debug */,
				8710D01C2C0408F400CA9F6B /* Release */,
			);
			defaultConfigurationIsVisible = 0;
			defaultConfigurationName = Release;
		};
		8710D01D2C0408F400CA9F6B /* Build configuration list for PBXNativeTarget "RokReminder" */ = {
			isa = XCConfigurationList;
			buildConfigurations = (
				8710D01E2C0408F400CA9F6B /* Debug */,
				8710D01F2C0408F400CA9F6B /* Release */,
			);
			defaultConfigurationIsVisible = 0;
			defaultConfigurationName = Release;
		};
/* End XCConfigurationList section */

/* Begin XCVersionGroup section */
		8710D0232C04375D00CA9F6B /* ReminderModel.xcdatamodeld */ = {
			isa = XCVersionGroup;
			children = (
				8710D0242C04375D00CA9F6B /* RemindersModel.xcdatamodel */,
			);
			currentVersion = 8710D0242C04375D00CA9F6B /* RemindersModel.xcdatamodel */;
			path = ReminderModel.xcdatamodeld;
			sourceTree = "<group>";
			versionGroupType = wrapper.xcdatamodel;
		};
/* End XCVersionGroup section */
	};
	rootObject = 8710D0022C0408F300CA9F6B /* Project object */;
}
